<Solution>
  <Folder Name="/API/">
    <Project Path="API/Prodentia.API/Prodentia.API.csproj" Id="64e1abd8-b5e4-4fe7-acd6-88c4510a619f" />
  </Folder>
  <Folder Name="/Core/">
    <Project Path="Core/Prodentia.Application/Prodentia.Application.csproj" Id="6cd03c3a-3e9a-4eba-a61c-12dd7dff95df" />
    <Project Path="Core/Prodentia.Domain/Prodentia.Domain.csproj" Id="55607619-b337-48e6-bcfc-0efbff5ebc13" />
  </Folder>
  <Folder Name="/Infrastructure/">
    <Project Path="Infrastructure/Prodentia.Infrastructure/Prodentia.Infrastructure.csproj" Id="247a37b3-7610-4878-99c8-8229dc962988" />
    <Project Path="Infrastructure/Prodentia.Persistance/Prodentia.Persistance.csproj" Id="d2f49fa3-77bb-4755-873d-56f1280c8617" />
  </Folder>
  <Folder Name="/Tests/">
    <Project Path="Tests/Prodentia.Tests/Prodentia.Tests.csproj" Id="f99c43e7-3314-4376-9d94-7b7178613b14" />
  </Folder>
</Solution>
